// !$*UTF8*$!
{
	archiveVersion = 1;
	classes = {
	};
	objectVersion = 46;
	objects = {

/* Begin PBXBuildFile section */
		01CDC99D1D13068823D3EC98 /* SupernovaTextField.swift in Sources */ = {isa = PBXBuildFile; fileRef = EACA491446EBCFB18C72FF2B /* SupernovaTextField.swift */; };
		1E808FA9B3C31BD3025370E8 /* SupernovaLabel.swift in Sources */ = {isa = PBXBuildFile; fileRef = 609F49F0DBF5D99B5069AE9F /* SupernovaLabel.swift */; };
		22767068645F0AE7945C6D00 /* SF-Compact-Text-Regular.otf in Resources */ = {isa = PBXBuildFile; fileRef = 78628C0ADABD8048022222E2 /* SF-Compact-Text-Regular.otf */; };
		30CD081D7D60BAB4C54C0754 /* AppDelegate.swift in Sources */ = {isa = PBXBuildFile; fileRef = ED8F2C0BDC988562099B544D /* AppDelegate.swift */; };
		3AA70DDA6E117BA5D10F6DEF /* SF-Pro-Display-Black.otf in Resources */ = {isa = PBXBuildFile; fileRef = AB0FD64FB6DAFA359C8B36BD /* SF-Pro-Display-Black.otf */; };
		403D210C605404B8D55A93F9 /* ShowHelpViewController.xib in Sources */ = {isa = PBXBuildFile; fileRef = 6984F231DEC6FF1C3D627A2A /* ShowHelpViewController.xib */; };
		500F55D4E06AD77856755DFD /* NSMutableParagraphStyle+Utility.swift in Sources */ = {isa = PBXBuildFile; fileRef = 3554ED95F12775A0218F8D11 /* NSMutableParagraphStyle+Utility.swift */; };
		64BAC1DEC5954AAC7BE260D4 /* UIImage+Utility.swift in Sources */ = {isa = PBXBuildFile; fileRef = 16C11850596173112BC428A4 /* UIImage+Utility.swift */; };
		BE5863B802B97E459696B6AB /* SupernovaButton.swift in Sources */ = {isa = PBXBuildFile; fileRef = C6F5346B11099C5031725B5C /* SupernovaButton.swift */; };
		C08B3F2DB83AE6C1926969A5 /* UINavigationController+Utility.swift in Sources */ = {isa = PBXBuildFile; fileRef = 8A20BF2278E49D89203C78D4 /* UINavigationController+Utility.swift */; };
		C4B56BF0FC4716EDF8ECEA41 /* UILabel+Utility.swift in Sources */ = {isa = PBXBuildFile; fileRef = 0AEAB55A2A7DC058590A3698 /* UILabel+Utility.swift */; };
		C8BC236FA206C15DDA7FFF8A /* MenuMockupWithArrowsViewController.swift in Sources */ = {isa = PBXBuildFile; fileRef = C8BC260C1E14C9390D8BEB0E /* MenuMockupWithArrowsViewController.swift */; };
		C8BC239F0D2F3BFE7FB24A7C /* HelpInvoker.swift in Sources */ = {isa = PBXBuildFile; fileRef = C8BC252BF027C425616810BC /* HelpInvoker.swift */; };
		C8BC245F5D3BA4C7F5DC37BF /* ExpandedViewViewController.swift in Sources */ = {isa = PBXBuildFile; fileRef = C8BC23E0983120BE94E505E0 /* ExpandedViewViewController.swift */; };
		C8BC27F3919126F57DDE42B9 /* ShowHelpViewController.swift in Sources */ = {isa = PBXBuildFile; fileRef = C8BC23B210B3998247A300B2 /* ShowHelpViewController.swift */; };
		C8BC2886E16EA37D0EBB59BA /* PresentationController.swift in Sources */ = {isa = PBXBuildFile; fileRef = C8BC268FC3095D2EF2A92076 /* PresentationController.swift */; };
		CDF1C302A75B83FA18BF1F41 /* ExpandedViewViewController.xib in Sources */ = {isa = PBXBuildFile; fileRef = 2DFBC8E04E69DB7D87F76340 /* ExpandedViewViewController.xib */; };
		EB1DE96E8D2396F95A58817D /* MenuMockupWithArrowsViewController.xib in Sources */ = {isa = PBXBuildFile; fileRef = 054D2A234F00774A6E02F2A1 /* MenuMockupWithArrowsViewController.xib */; };
		F5B6D81A703A53EE7F0F760D /* SF-Pro-Text-Regular.otf in Resources */ = {isa = PBXBuildFile; fileRef = 7FBCCAAB87D94B345C874C32 /* SF-Pro-Text-Regular.otf */; };
		FE96A4082A4FA7E69264B012 /* Images.xcassets in Resources */ = {isa = PBXBuildFile; fileRef = F851459AA610EE0AA87AA824 /* Images.xcassets */; };
/* End PBXBuildFile section */

/* Begin PBXFileReference section */
		054D2A234F00774A6E02F2A1 /* MenuMockupWithArrowsViewController.xib */ = {isa = PBXFileReference; fileEncoding = 4; lastKnownFileType = file.xib; path = MenuMockupWithArrowsViewController.xib; sourceTree = "<group>"; };
		0AEAB55A2A7DC058590A3698 /* UILabel+Utility.swift */ = {isa = PBXFileReference; fileEncoding = 4; lastKnownFileType = sourcecode.swift; path = "UILabel+Utility.swift"; sourceTree = "<group>"; };
		0B6093BE1E68BCDD00C80262 /* OnboardingDesign.app */ = {isa = PBXFileReference; explicitFileType = wrapper.application; includeInIndex = 0; path = OnboardingDesign.app; sourceTree = BUILT_PRODUCTS_DIR; };
		16C11850596173112BC428A4 /* UIImage+Utility.swift */ = {isa = PBXFileReference; fileEncoding = 4; lastKnownFileType = sourcecode.swift; path = "UIImage+Utility.swift"; sourceTree = "<group>"; };
		2DFBC8E04E69DB7D87F76340 /* ExpandedViewViewController.xib */ = {isa = PBXFileReference; fileEncoding = 4; lastKnownFileType = file.xib; path = ExpandedViewViewController.xib; sourceTree = "<group>"; };
		3554ED95F12775A0218F8D11 /* NSMutableParagraphStyle+Utility.swift */ = {isa = PBXFileReference; fileEncoding = 4; lastKnownFileType = sourcecode.swift; path = "NSMutableParagraphStyle+Utility.swift"; sourceTree = "<group>"; };
		609F49F0DBF5D99B5069AE9F /* SupernovaLabel.swift */ = {isa = PBXFileReference; fileEncoding = 4; lastKnownFileType = sourcecode.swift; path = SupernovaLabel.swift; sourceTree = "<group>"; };
		6984F231DEC6FF1C3D627A2A /* ShowHelpViewController.xib */ = {isa = PBXFileReference; fileEncoding = 4; lastKnownFileType = file.xib; path = ShowHelpViewController.xib; sourceTree = "<group>"; };
		6B66AC1AC9466C64AF75C343 /* Info.plist */ = {isa = PBXFileReference; fileEncoding = 4; lastKnownFileType = text.plist.strings; path = Info.plist; sourceTree = "<group>"; };
		78628C0ADABD8048022222E2 /* SF-Compact-Text-Regular.otf */ = {isa = PBXFileReference; fileEncoding = 4; lastKnownFileType = file.font; path = "SF-Compact-Text-Regular.otf"; sourceTree = "<group>"; };
		7FBCCAAB87D94B345C874C32 /* SF-Pro-Text-Regular.otf */ = {isa = PBXFileReference; fileEncoding = 4; lastKnownFileType = file.font; path = "SF-Pro-Text-Regular.otf"; sourceTree = "<group>"; };
		8A20BF2278E49D89203C78D4 /* UINavigationController+Utility.swift */ = {isa = PBXFileReference; fileEncoding = 4; lastKnownFileType = sourcecode.swift; path = "UINavigationController+Utility.swift"; sourceTree = "<group>"; };
		AB0FD64FB6DAFA359C8B36BD /* SF-Pro-Display-Black.otf */ = {isa = PBXFileReference; fileEncoding = 4; lastKnownFileType = file.font; path = "SF-Pro-Display-Black.otf"; sourceTree = "<group>"; };
		C6F5346B11099C5031725B5C /* SupernovaButton.swift */ = {isa = PBXFileReference; fileEncoding = 4; lastKnownFileType = sourcecode.swift; path = SupernovaButton.swift; sourceTree = "<group>"; };
		C8BC23B210B3998247A300B2 /* ShowHelpViewController.swift */ = {isa = PBXFileReference; fileEncoding = 4; lastKnownFileType = sourcecode.swift; path = ShowHelpViewController.swift; sourceTree = "<group>"; };
		C8BC23E0983120BE94E505E0 /* ExpandedViewViewController.swift */ = {isa = PBXFileReference; fileEncoding = 4; lastKnownFileType = sourcecode.swift; path = ExpandedViewViewController.swift; sourceTree = "<group>"; };
		C8BC252BF027C425616810BC /* HelpInvoker.swift */ = {isa = PBXFileReference; fileEncoding = 4; lastKnownFileType = sourcecode.swift; path = HelpInvoker.swift; sourceTree = "<group>"; };
		C8BC260C1E14C9390D8BEB0E /* MenuMockupWithArrowsViewController.swift */ = {isa = PBXFileReference; fileEncoding = 4; lastKnownFileType = sourcecode.swift; path = MenuMockupWithArrowsViewController.swift; sourceTree = "<group>"; };
		C8BC268FC3095D2EF2A92076 /* PresentationController.swift */ = {isa = PBXFileReference; fileEncoding = 4; lastKnownFileType = sourcecode.swift; path = PresentationController.swift; sourceTree = "<group>"; };
		EACA491446EBCFB18C72FF2B /* SupernovaTextField.swift */ = {isa = PBXFileReference; fileEncoding = 4; lastKnownFileType = sourcecode.swift; path = SupernovaTextField.swift; sourceTree = "<group>"; };
		ED8F2C0BDC988562099B544D /* AppDelegate.swift */ = {isa = PBXFileReference; fileEncoding = 4; lastKnownFileType = sourcecode.swift; path = AppDelegate.swift; sourceTree = "<group>"; };
		F851459AA610EE0AA87AA824 /* Images.xcassets */ = {isa = PBXFileReference; fileEncoding = 4; lastKnownFileType = folder.assetcatalog; path = Images.xcassets; sourceTree = "<group>"; };
/* End PBXFileReference section */

/* Begin PBXFrameworksBuildPhase section */
		0B6093BB1E68BCDD00C80262 /* Frameworks */ = {
			isa = PBXFrameworksBuildPhase;
			buildActionMask = 2147483647;
			files = (
			);
			runOnlyForDeploymentPostprocessing = 0;
		};
/* End PBXFrameworksBuildPhase section */

/* Begin PBXGroup section */
		0B28DFD01E40CD2E00BF6E7C = {
			isa = PBXGroup;
			children = (
				0B28DFDA1E40CD2E00BF6E7C /* Products */,
				2D1917007936BBDA3A7ACDC7 /* OnboardingDesign */,
			);
			sourceTree = "<group>";
		};
		0B28DFDA1E40CD2E00BF6E7C /* Products */ = {
			isa = PBXGroup;
			children = (
				0B6093BE1E68BCDD00C80262 /* OnboardingDesign.app */,
			);
			name = Products;
			sourceTree = "<group>";
		};
		0E6AEC065A5EA54AD97F045D /* Images */ = {
			isa = PBXGroup;
			children = (
				F851459AA610EE0AA87AA824 /* Images.xcassets */,
			);
			path = Images;
			sourceTree = "<group>";
		};
		2D1917007936BBDA3A7ACDC7 /* OnboardingDesign */ = {
			isa = PBXGroup;
			children = (
				7BD71F696C12375BDBDFBFA1 /* Classes */,
				75F946865D6B0BB054B5B1F4 /* Resources */,
				83D77C38BB643A1253E5CA4F /* Supporting Files */,
			);
			path = OnboardingDesign;
			sourceTree = "<group>";
		};
		75F946865D6B0BB054B5B1F4 /* Resources */ = {
			isa = PBXGroup;
			children = (
				E95008756C0FD2B60F405B94 /* Fonts */,
				0E6AEC065A5EA54AD97F045D /* Images */,
				9B5D45FD915DA0D2431D63DD /* Interface */,
				AD94AE0C33095F5734AB024B /* Localization */,
			);
			path = Resources;
			sourceTree = "<group>";
		};
		7BD71F696C12375BDBDFBFA1 /* Classes */ = {
			isa = PBXGroup;
			children = (
				E6CCE539598476B0BF06228B /* Controllers */,
				AA7D3A1F9A15909518156B23 /* Extensions */,
				ED8F2C0BDC988562099B544D /* AppDelegate.swift */,
			);
			path = Classes;
			sourceTree = "<group>";
		};
		83D77C38BB643A1253E5CA4F /* Supporting Files */ = {
			isa = PBXGroup;
			children = (
				6B66AC1AC9466C64AF75C343 /* Info.plist */,
			);
			path = "Supporting Files";
			sourceTree = "<group>";
		};
		9B5D45FD915DA0D2431D63DD /* Interface */ = {
			isa = PBXGroup;
			children = (
				2DFBC8E04E69DB7D87F76340 /* ExpandedViewViewController.xib */,
				6984F231DEC6FF1C3D627A2A /* ShowHelpViewController.xib */,
				054D2A234F00774A6E02F2A1 /* MenuMockupWithArrowsViewController.xib */,
			);
			path = Interface;
			sourceTree = "<group>";
		};
		AA7D3A1F9A15909518156B23 /* Extensions */ = {
			isa = PBXGroup;
			children = (
				3554ED95F12775A0218F8D11 /* NSMutableParagraphStyle+Utility.swift */,
				C6F5346B11099C5031725B5C /* SupernovaButton.swift */,
				EACA491446EBCFB18C72FF2B /* SupernovaTextField.swift */,
				609F49F0DBF5D99B5069AE9F /* SupernovaLabel.swift */,
				16C11850596173112BC428A4 /* UIImage+Utility.swift */,
				0AEAB55A2A7DC058590A3698 /* UILabel+Utility.swift */,
				8A20BF2278E49D89203C78D4 /* UINavigationController+Utility.swift */,
			);
			path = Extensions;
			sourceTree = "<group>";
		};
		AD94AE0C33095F5734AB024B /* Localization */ = {
			isa = PBXGroup;
			children = (
			);
			path = Localization;
			sourceTree = "<group>";
		};
		E6CCE539598476B0BF06228B /* Controllers */ = {
			isa = PBXGroup;
			children = (
				C8BC23E0983120BE94E505E0 /* ExpandedViewViewController.swift */,
				C8BC260C1E14C9390D8BEB0E /* MenuMockupWithArrowsViewController.swift */,
				C8BC23B210B3998247A300B2 /* ShowHelpViewController.swift */,
				C8BC268FC3095D2EF2A92076 /* PresentationController.swift */,
				C8BC252BF027C425616810BC /* HelpInvoker.swift */,
			);
			path = Controllers;
			sourceTree = "<group>";
		};
		E95008756C0FD2B60F405B94 /* Fonts */ = {
			isa = PBXGroup;
			children = (
				7FBCCAAB87D94B345C874C32 /* SF-Pro-Text-Regular.otf */,
				AB0FD64FB6DAFA359C8B36BD /* SF-Pro-Display-Black.otf */,
				78628C0ADABD8048022222E2 /* SF-Compact-Text-Regular.otf */,
			);
			path = Fonts;
			sourceTree = "<group>";
		};
/* End PBXGroup section */

/* Begin PBXNativeTarget section */
		0B6093BD1E68BCDD00C80262 /* OnboardingDesign */ = {
			isa = PBXNativeTarget;
			buildConfigurationList = 0B6093D11E68BCDD00C80262 /* Build configuration list for PBXNativeTarget "OnboardingDesign" */;
			buildPhases = (
				0B6093BA1E68BCDD00C80262 /* Sources */,
				0B6093BB1E68BCDD00C80262 /* Frameworks */,
				0B6093BC1E68BCDD00C80262 /* Resources */,
			);
			buildRules = (
			);
			dependencies = (
			);
			name = OnboardingDesign;
			productName = Production;
			productReference = 0B6093BE1E68BCDD00C80262 /* OnboardingDesign.app */;
			productType = "com.apple.product-type.application";
		};
/* End PBXNativeTarget section */

/* Begin PBXProject section */
		0B28DFD11E40CD2E00BF6E7C /* Project object */ = {
			isa = PBXProject;
			attributes = {
				LastSwiftUpdateCheck = 0730;
				LastUpgradeCheck = 0730;
				ORGANIZATIONNAME = "Aussie Designed Software Pty Ltd";
				TargetAttributes = {
					0B6093BD1E68BCDD00C80262 = {
						CreatedOnToolsVersion = 7.3.1;
						DevelopmentTeam = 7WKVP3U779;
					};
				};
			};
			buildConfigurationList = 0B28DFD41E40CD2E00BF6E7C /* Build configuration list for PBXProject "OnboardingDesign" */;
			compatibilityVersion = "Xcode 3.2";
			developmentRegion = English;
			hasScannedForEncodings = 0;
			knownRegions = (
				English,
				en,
				Base,
			);
			mainGroup = 0B28DFD01E40CD2E00BF6E7C;
			productRefGroup = 0B28DFDA1E40CD2E00BF6E7C /* Products */;
			projectDirPath = "";
			projectRoot = "";
			targets = (
				0B6093BD1E68BCDD00C80262 /* OnboardingDesign */,
			);
		};
/* End PBXProject section */

/* Begin PBXResourcesBuildPhase section */
		0B6093BC1E68BCDD00C80262 /* Resources */ = {
			isa = PBXResourcesBuildPhase;
			buildActionMask = 2147483647;
			files = (
				F5B6D81A703A53EE7F0F760D /* SF-Pro-Text-Regular.otf in Resources */,
				FE96A4082A4FA7E69264B012 /* Images.xcassets in Resources */,
				22767068645F0AE7945C6D00 /* SF-Compact-Text-Regular.otf in Resources */,
				3AA70DDA6E117BA5D10F6DEF /* SF-Pro-Display-Black.otf in Resources */,
			);
			runOnlyForDeploymentPostprocessing = 0;
		};
/* End PBXResourcesBuildPhase section */

/* Begin PBXSourcesBuildPhase section */
		0B6093BA1E68BCDD00C80262 /* Sources */ = {
			isa = PBXSourcesBuildPhase;
			buildActionMask = 2147483647;
			files = (
				403D210C605404B8D55A93F9 /* ShowHelpViewController.xib in Sources */,
				BE5863B802B97E459696B6AB /* SupernovaButton.swift in Sources */,
				CDF1C302A75B83FA18BF1F41 /* ExpandedViewViewController.xib in Sources */,
				500F55D4E06AD77856755DFD /* NSMutableParagraphStyle+Utility.swift in Sources */,
				1E808FA9B3C31BD3025370E8 /* SupernovaLabel.swift in Sources */,
				64BAC1DEC5954AAC7BE260D4 /* UIImage+Utility.swift in Sources */,
				01CDC99D1D13068823D3EC98 /* SupernovaTextField.swift in Sources */,
				C08B3F2DB83AE6C1926969A5 /* UINavigationController+Utility.swift in Sources */,
				30CD081D7D60BAB4C54C0754 /* AppDelegate.swift in Sources */,
				EB1DE96E8D2396F95A58817D /* MenuMockupWithArrowsViewController.xib in Sources */,
				C4B56BF0FC4716EDF8ECEA41 /* UILabel+Utility.swift in Sources */,
				C8BC245F5D3BA4C7F5DC37BF /* ExpandedViewViewController.swift in Sources */,
				C8BC236FA206C15DDA7FFF8A /* MenuMockupWithArrowsViewController.swift in Sources */,
				C8BC27F3919126F57DDE42B9 /* ShowHelpViewController.swift in Sources */,
				C8BC2886E16EA37D0EBB59BA /* PresentationController.swift in Sources */,
				C8BC239F0D2F3BFE7FB24A7C /* HelpInvoker.swift in Sources */,
			);
			runOnlyForDeploymentPostprocessing = 0;
		};
/* End PBXSourcesBuildPhase section */

/* Begin XCBuildConfiguration section */
		0B28DFE91E40CD2E00BF6E7C /* Debug */ = {
			isa = XCBuildConfiguration;
			buildSettings = {
				ALWAYS_SEARCH_USER_PATHS = NO;
				CLANG_ANALYZER_NONNULL = YES;
				CLANG_CXX_LANGUAGE_STANDARD = "gnu++0x";
				CLANG_CXX_LIBRARY = "libc++";
				CLANG_ENABLE_MODULES = YES;
				CLANG_ENABLE_OBJC_ARC = YES;
				CLANG_WARN_BOOL_CONVERSION = YES;
				CLANG_WARN_CONSTANT_CONVERSION = YES;
				CLANG_WARN_DIRECT_OBJC_ISA_USAGE = YES_ERROR;
				CLANG_WARN_EMPTY_BODY = YES;
				CLANG_WARN_ENUM_CONVERSION = YES;
				CLANG_WARN_INT_CONVERSION = YES;
				CLANG_WARN_OBJC_ROOT_CLASS = YES_ERROR;
				CLANG_WARN_UNREACHABLE_CODE = YES;
				CLANG_WARN__DUPLICATE_METHOD_MATCH = YES;
				"CODE_SIGN_IDENTITY[sdk=iphoneos*]" = "iPhone Developer";
				COPY_PHASE_STRIP = NO;
				DEBUG_INFORMATION_FORMAT = dwarf;
				ENABLE_STRICT_OBJC_MSGSEND = YES;
				ENABLE_TESTABILITY = YES;
				GCC_C_LANGUAGE_STANDARD = gnu99;
				GCC_DYNAMIC_NO_PIC = NO;
				GCC_NO_COMMON_BLOCKS = YES;
				GCC_OPTIMIZATION_LEVEL = 0;
				GCC_PREPROCESSOR_DEFINITIONS = (
					"DEBUG=1",
					"$(inherited)",
				);
				GCC_WARN_64_TO_32_BIT_CONVERSION = YES;
				GCC_WARN_ABOUT_RETURN_TYPE = YES_ERROR;
				GCC_WARN_UNDECLARED_SELECTOR = YES;
				GCC_WARN_UNINITIALIZED_AUTOS = YES_AGGRESSIVE;
				GCC_WARN_UNUSED_FUNCTION = YES;
				GCC_WARN_UNUSED_VARIABLE = YES;
				IPHONEOS_DEPLOYMENT_TARGET = 11.0;
				MTL_ENABLE_DEBUG_INFO = YES;
				ONLY_ACTIVE_ARCH = YES;
				SDKROOT = iphoneos;
			};
			name = Debug;
		};
		0B28DFEA1E40CD2E00BF6E7C /* Release */ = {
			isa = XCBuildConfiguration;
			buildSettings = {
				ALWAYS_SEARCH_USER_PATHS = NO;
				CLANG_ANALYZER_NONNULL = YES;
				CLANG_CXX_LANGUAGE_STANDARD = "gnu++0x";
				CLANG_CXX_LIBRARY = "libc++";
				CLANG_ENABLE_MODULES = YES;
				CLANG_ENABLE_OBJC_ARC = YES;
				CLANG_WARN_BOOL_CONVERSION = YES;
				CLANG_WARN_CONSTANT_CONVERSION = YES;
				CLANG_WARN_DIRECT_OBJC_ISA_USAGE = YES_ERROR;
				CLANG_WARN_EMPTY_BODY = YES;
				CLANG_WARN_ENUM_CONVERSION = YES;
				CLANG_WARN_INT_CONVERSION = YES;
				CLANG_WARN_OBJC_ROOT_CLASS = YES_ERROR;
				CLANG_WARN_UNREACHABLE_CODE = YES;
				CLANG_WARN__DUPLICATE_METHOD_MATCH = YES;
				"CODE_SIGN_IDENTITY[sdk=iphoneos*]" = "iPhone Developer";
				COPY_PHASE_STRIP = NO;
				DEBUG_INFORMATION_FORMAT = "dwarf-with-dsym";
				ENABLE_NS_ASSERTIONS = NO;
				ENABLE_STRICT_OBJC_MSGSEND = YES;
				GCC_C_LANGUAGE_STANDARD = gnu99;
				GCC_NO_COMMON_BLOCKS = YES;
				GCC_WARN_64_TO_32_BIT_CONVERSION = YES;
				GCC_WARN_ABOUT_RETURN_TYPE = YES_ERROR;
				GCC_WARN_UNDECLARED_SELECTOR = YES;
				GCC_WARN_UNINITIALIZED_AUTOS = YES_AGGRESSIVE;
				GCC_WARN_UNUSED_FUNCTION = YES;
				GCC_WARN_UNUSED_VARIABLE = YES;
				IPHONEOS_DEPLOYMENT_TARGET = 11.0;
				MTL_ENABLE_DEBUG_INFO = NO;
				SDKROOT = iphoneos;
				VALIDATE_PRODUCT = YES;
			};
			name = Release;
		};
		0B6093CF1E68BCDD00C80262 /* Debug */ = {
			isa = XCBuildConfiguration;
			buildSettings = {
				ASSETCATALOG_COMPILER_APPICON_NAME = AppIcon;
				ASSETCATALOG_COMPILER_LAUNCHIMAGE_NAME = LaunchImage;
				DEVELOPMENT_TEAM = 7WKVP3U779;
				INFOPLIST_FILE = "$(SRCROOT)/OnboardingDesign/Supporting Files/Info.plist";
				LD_RUNPATH_SEARCH_PATHS = "$(inherited) @executable_path/Frameworks";
				PRODUCT_BUNDLE_IDENTIFIER = test.aussie.onboardingdesign;
				PRODUCT_NAME = "$(TARGET_NAME)";
				SWIFT_VERSION = 5.0;
				TARGETED_DEVICE_FAMILY = 1;
			};
			name = Debug;
		};
		0B6093D01E68BCDD00C80262 /* Release */ = {
			isa = XCBuildConfiguration;
			buildSettings = {
				ASSETCATALOG_COMPILER_APPICON_NAME = AppIcon;
				ASSETCATALOG_COMPILER_LAUNCHIMAGE_NAME = "Brand Assets";
				DEVELOPMENT_TEAM = 7WKVP3U779;
				INFOPLIST_FILE = "$(SRCROOT)/OnboardingDesign/Supporting Files/Info.plist";
				LD_RUNPATH_SEARCH_PATHS = "$(inherited) @executable_path/Frameworks";
				PRODUCT_BUNDLE_IDENTIFIER = test.aussie.onboardingdesign;
				PRODUCT_NAME = "$(TARGET_NAME)";
				SWIFT_VERSION = 5.0;
				TARGETED_DEVICE_FAMILY = 1;
			};
			name = Release;
		};
/* End XCBuildConfiguration section */

/* Begin XCConfigurationList section */
		0B28DFD41E40CD2E00BF6E7C /* Build configuration list for PBXProject "OnboardingDesign" */ = {
			isa = XCConfigurationList;
			buildConfigurations = (
				0B28DFE91E40CD2E00BF6E7C /* Debug */,
				0B28DFEA1E40CD2E00BF6E7C /* Release */,
			);
			defaultConfigurationIsVisible = 0;
			defaultConfigurationName = Release;
		};
		0B6093D11E68BCDD00C80262 /* Build configuration list for PBXNativeTarget "OnboardingDesign" */ = {
			isa = XCConfigurationList;
			buildConfigurations = (
				0B6093CF1E68BCDD00C80262 /* Debug */,
				0B6093D01E68BCDD00C80262 /* Release */,
			);
			defaultConfigurationIsVisible = 0;
			defaultConfigurationName = Release;
		};
/* End XCConfigurationList section */
	};
	rootObject = 0B28DFD11E40CD2E00BF6E7C /* Project object */;
}
